
Microsoft Visual Studio Solution File, Format Version 12.00
# Visual Studio Version 17
VisualStudioVersion = 17.10.35013.160
MinimumVisualStudioVersion = 10.0.40219.1
Project("{9A19103F-16F7-4668-BE54-9A1E7A4F7556}") = "ECommerceAPI", "ECommerceAPI\ECommerceAPI.csproj", "{1A349733-26A8-4034-88C4-1465F1008745}"
EndProject
Project("{9A19103F-16F7-4668-BE54-9A1E7A4F7556}") = "DataAccess", "DataAccess\DataAccess.csproj", "{0A55B707-ED88-4AA8-A9B9-0048001946D1}"
EndProject
Project("{9A19103F-16F7-4668-BE54-9A1E7A4F7556}") = "Business", "Business\Business.csproj", "{068E171B-3905-49BC-A6D9-3E2340812746}"
EndProject
Project("{9A19103F-16F7-4668-BE54-9A1E7A4F7556}") = "Entities", "Entities\Entities.csproj", "{403649B0-67CD-4365-A759-D79FFBBC6600}"
EndProject
Project("{9A19103F-16F7-4668-BE54-9A1E7A4F7556}") = "Core", "Core\Core.csproj", "{47A12E6C-05C4-40F4-A87D-CF443567D587}"
EndProject
Global
	GlobalSection(SolutionConfigurationPlatforms) = preSolution
		Debug|Any CPU = Debug|Any CPU
		Release|Any CPU = Release|Any CPU
	EndGlobalSection
	GlobalSection(ProjectConfigurationPlatforms) = postSolution
		{1A349733-26A8-4034-88C4-1465F1008745}.Debug|Any CPU.ActiveCfg = Debug|Any CPU
		{1A349733-26A8-4034-88C4-1465F1008745}.Debug|Any CPU.Build.0 = Debug|Any CPU
		{1A349733-26A8-4034-88C4-1465F1008745}.Release|Any CPU.ActiveCfg = Release|Any CPU
		{1A349733-26A8-4034-88C4-1465F1008745}.Release|Any CPU.Build.0 = Release|Any CPU
		{0A55B707-ED88-4AA8-A9B9-0048001946D1}.Debug|Any CPU.ActiveCfg = Debug|Any CPU
		{0A55B707-ED88-4AA8-A9B9-0048001946D1}.Debug|Any CPU.Build.0 = Debug|Any CPU
		{0A55B707-ED88-4AA8-A9B9-0048001946D1}.Release|Any CPU.ActiveCfg = Release|Any CPU
		{0A55B707-ED88-4AA8-A9B9-0048001946D1}.Release|Any CPU.Build.0 = Release|Any CPU
		{068E171B-3905-49BC-A6D9-3E2340812746}.Debug|Any CPU.ActiveCfg = Debug|Any CPU
		{068E171B-3905-49BC-A6D9-3E2340812746}.Debug|Any CPU.Build.0 = Debug|Any CPU
		{068E171B-3905-49BC-A6D9-3E2340812746}.Release|Any CPU.ActiveCfg = Release|Any CPU
		{068E171B-3905-49BC-A6D9-3E2340812746}.Release|Any CPU.Build.0 = Release|Any CPU
		{403649B0-67CD-4365-A759-D79FFBBC6600}.Debug|Any CPU.ActiveCfg = Debug|Any CPU
		{403649B0-67CD-4365-A759-D79FFBBC6600}.Debug|Any CPU.Build.0 = Debug|Any CPU
		{403649B0-67CD-4365-A759-D79FFBBC6600}.Release|Any CPU.ActiveCfg = Release|Any CPU
		{403649B0-67CD-4365-A759-D79FFBBC6600}.Release|Any CPU.Build.0 = Release|Any CPU
		{47A12E6C-05C4-40F4-A87D-CF443567D587}.Debug|Any CPU.ActiveCfg = Debug|Any CPU
		{47A12E6C-05C4-40F4-A87D-CF443567D587}.Debug|Any CPU.Build.0 = Debug|Any CPU
		{47A12E6C-05C4-40F4-A87D-CF443567D587}.Release|Any CPU.ActiveCfg = Release|Any CPU
		{47A12E6C-05C4-40F4-A87D-CF443567D587}.Release|Any CPU.Build.0 = Release|Any CPU
	EndGlobalSection
	GlobalSection(SolutionProperties) = preSolution
		HideSolutionNode = FALSE
	EndGlobalSection
	GlobalSection(ExtensibilityGlobals) = postSolution
		SolutionGuid = {F2E3A81E-1DD3-4F06-947A-A426F121118F}
	EndGlobalSection
EndGlobal
